// !$*UTF8*$!
{
	archiveVersion = 1;
	classes = {
	};
	objectVersion = 50;
	objects = {

/* Begin PBXBuildFile section */
		023D3D2026981D5400B965F1 /* BaseViewModel.swift in Sources */ = {isa = PBXBuildFile; fileRef = 023D3D1F26981D5400B965F1 /* BaseViewModel.swift */; };
		02CB19B126896E6F0042B1E0 /* AppDelegate.swift in Sources */ = {isa = PBXBuildFile; fileRef = 02CB19B026896E6F0042B1E0 /* AppDelegate.swift */; };
		02CB19B526896E6F0042B1E0 /* ViewController.swift in Sources */ = {isa = PBXBuildFile; fileRef = 02CB19B426896E6F0042B1E0 /* ViewController.swift */; };
		02CB19B826896E6F0042B1E0 /* Main.storyboard in Resources */ = {isa = PBXBuildFile; fileRef = 02CB19B626896E6F0042B1E0 /* Main.storyboard */; };
		02CB19BA26896E710042B1E0 /* Assets.xcassets in Resources */ = {isa = PBXBuildFile; fileRef = 02CB19B926896E710042B1E0 /* Assets.xcassets */; };
		02CB19BD26896E720042B1E0 /* LaunchScreen.storyboard in Resources */ = {isa = PBXBuildFile; fileRef = 02CB19BB26896E710042B1E0 /* LaunchScreen.storyboard */; };
		02CB19C626896F3A0042B1E0 /* ItunesService.swift in Sources */ = {isa = PBXBuildFile; fileRef = 02CB19C526896F3A0042B1E0 /* ItunesService.swift */; };
		02CB19C8268975150042B1E0 /* BaseService.swift in Sources */ = {isa = PBXBuildFile; fileRef = 02CB19C7268975150042B1E0 /* BaseService.swift */; };
		02CB19CB26897B8D0042B1E0 /* Music.swift in Sources */ = {isa = PBXBuildFile; fileRef = 02CB19CA26897B8D0042B1E0 /* Music.swift */; };
		02CB19CD2689A6E40042B1E0 /* AudioPlayer.swift in Sources */ = {isa = PBXBuildFile; fileRef = 02CB19CC2689A6E40042B1E0 /* AudioPlayer.swift */; };
		02CB19D02689AA590042B1E0 /* AudioToolbox.framework in Frameworks */ = {isa = PBXBuildFile; fileRef = 02CB19CF2689AA580042B1E0 /* AudioToolbox.framework */; };
		02CB19D3268AC9370042B1E0 /* MusicViewModel.swift in Sources */ = {isa = PBXBuildFile; fileRef = 02CB19D2268AC9370042B1E0 /* MusicViewModel.swift */; };
		02CB19D6268ACE780042B1E0 /* Box.swift in Sources */ = {isa = PBXBuildFile; fileRef = 02CB19D5268ACE780042B1E0 /* Box.swift */; };
		02DB9038269438C0007BDBA2 /* TrackTableViewCell.swift in Sources */ = {isa = PBXBuildFile; fileRef = 02DB9037269438C0007BDBA2 /* TrackTableViewCell.swift */; };
		02DB903A269444B4007BDBA2 /* TrackListCellViewModel.swift in Sources */ = {isa = PBXBuildFile; fileRef = 02DB9039269444B4007BDBA2 /* TrackListCellViewModel.swift */; };
		02DB903D269581E7007BDBA2 /* TrackListViewModel.swift in Sources */ = {isa = PBXBuildFile; fileRef = 02DB903C269581E7007BDBA2 /* TrackListViewModel.swift */; };
/* End PBXBuildFile section */

/* Begin PBXFileReference section */
		023D3D1F26981D5400B965F1 /* BaseViewModel.swift */ = {isa = PBXFileReference; lastKnownFileType = sourcecode.swift; path = BaseViewModel.swift; sourceTree = "<group>"; };
		02CB19AD26896E6F0042B1E0 /* iTunesSearchAPI.app */ = {isa = PBXFileReference; explicitFileType = wrapper.application; includeInIndex = 0; path = iTunesSearchAPI.app; sourceTree = BUILT_PRODUCTS_DIR; };
		02CB19B026896E6F0042B1E0 /* AppDelegate.swift */ = {isa = PBXFileReference; lastKnownFileType = sourcecode.swift; path = AppDelegate.swift; sourceTree = "<group>"; };
		02CB19B426896E6F0042B1E0 /* ViewController.swift */ = {isa = PBXFileReference; lastKnownFileType = sourcecode.swift; path = ViewController.swift; sourceTree = "<group>"; };
		02CB19B726896E6F0042B1E0 /* Base */ = {isa = PBXFileReference; lastKnownFileType = file.storyboard; name = Base; path = Base.lproj/Main.storyboard; sourceTree = "<group>"; };
		02CB19B926896E710042B1E0 /* Assets.xcassets */ = {isa = PBXFileReference; lastKnownFileType = folder.assetcatalog; path = Assets.xcassets; sourceTree = "<group>"; };
		02CB19BC26896E720042B1E0 /* Base */ = {isa = PBXFileReference; lastKnownFileType = file.storyboard; name = Base; path = Base.lproj/LaunchScreen.storyboard; sourceTree = "<group>"; };
		02CB19BE26896E720042B1E0 /* Info.plist */ = {isa = PBXFileReference; lastKnownFileType = text.plist.xml; path = Info.plist; sourceTree = "<group>"; };
		02CB19C526896F3A0042B1E0 /* ItunesService.swift */ = {isa = PBXFileReference; lastKnownFileType = sourcecode.swift; path = ItunesService.swift; sourceTree = "<group>"; };
		02CB19C7268975150042B1E0 /* BaseService.swift */ = {isa = PBXFileReference; lastKnownFileType = sourcecode.swift; path = BaseService.swift; sourceTree = "<group>"; };
		02CB19CA26897B8D0042B1E0 /* Music.swift */ = {isa = PBXFileReference; lastKnownFileType = sourcecode.swift; path = Music.swift; sourceTree = "<group>"; };
		02CB19CC2689A6E40042B1E0 /* AudioPlayer.swift */ = {isa = PBXFileReference; lastKnownFileType = sourcecode.swift; path = AudioPlayer.swift; sourceTree = "<group>"; };
		02CB19CF2689AA580042B1E0 /* AudioToolbox.framework */ = {isa = PBXFileReference; lastKnownFileType = wrapper.framework; name = AudioToolbox.framework; path = System/Library/Frameworks/AudioToolbox.framework; sourceTree = SDKROOT; };
		02CB19D2268AC9370042B1E0 /* MusicViewModel.swift */ = {isa = PBXFileReference; lastKnownFileType = sourcecode.swift; path = MusicViewModel.swift; sourceTree = "<group>"; };
		02CB19D5268ACE780042B1E0 /* Box.swift */ = {isa = PBXFileReference; lastKnownFileType = sourcecode.swift; path = Box.swift; sourceTree = "<group>"; };
		02CB19D7268C0A040042B1E0 /* iTunesSearchAPIDebug.entitlements */ = {isa = PBXFileReference; lastKnownFileType = text.plist.entitlements; path = iTunesSearchAPIDebug.entitlements; sourceTree = "<group>"; };
		02DB9037269438C0007BDBA2 /* TrackTableViewCell.swift */ = {isa = PBXFileReference; lastKnownFileType = sourcecode.swift; path = TrackTableViewCell.swift; sourceTree = "<group>"; };
		02DB9039269444B4007BDBA2 /* TrackListCellViewModel.swift */ = {isa = PBXFileReference; lastKnownFileType = sourcecode.swift; path = TrackListCellViewModel.swift; sourceTree = "<group>"; };
		02DB903C269581E7007BDBA2 /* TrackListViewModel.swift */ = {isa = PBXFileReference; lastKnownFileType = sourcecode.swift; path = TrackListViewModel.swift; sourceTree = "<group>"; };
/* End PBXFileReference section */

/* Begin PBXFrameworksBuildPhase section */
		02CB19AA26896E6F0042B1E0 /* Frameworks */ = {
			isa = PBXFrameworksBuildPhase;
			buildActionMask = 2147483647;
			files = (
				02CB19D02689AA590042B1E0 /* AudioToolbox.framework in Frameworks */,
			);
			runOnlyForDeploymentPostprocessing = 0;
		};
/* End PBXFrameworksBuildPhase section */

/* Begin PBXGroup section */
		02CB19A426896E6F0042B1E0 = {
			isa = PBXGroup;
			children = (
				02CB19AF26896E6F0042B1E0 /* iTunesSearchAPI */,
				02CB19AE26896E6F0042B1E0 /* Products */,
				583D5B35C20527560AB4211A /* Frameworks */,
			);
			sourceTree = "<group>";
		};
		02CB19AE26896E6F0042B1E0 /* Products */ = {
			isa = PBXGroup;
			children = (
				02CB19AD26896E6F0042B1E0 /* iTunesSearchAPI.app */,
			);
			name = Products;
			sourceTree = "<group>";
		};
		02CB19AF26896E6F0042B1E0 /* iTunesSearchAPI */ = {
			isa = PBXGroup;
			children = (
				02CB19D7268C0A040042B1E0 /* iTunesSearchAPIDebug.entitlements */,
				02CB19B026896E6F0042B1E0 /* AppDelegate.swift */,
				02CB19B426896E6F0042B1E0 /* ViewController.swift */,
				02CB19B626896E6F0042B1E0 /* Main.storyboard */,
				02CB19C426896F270042B1E0 /* Services */,
				02CB19C926897B6B0042B1E0 /* Models */,
				02CB19D1268AC90D0042B1E0 /* View Models */,
				02DB903B26946285007BDBA2 /* View */,
				02CB19D4268ACE450042B1E0 /* Utililies */,
				02CB19B926896E710042B1E0 /* Assets.xcassets */,
				02CB19BB26896E710042B1E0 /* LaunchScreen.storyboard */,
				02CB19BE26896E720042B1E0 /* Info.plist */,
			);
			path = iTunesSearchAPI;
			sourceTree = "<group>";
		};
		02CB19C426896F270042B1E0 /* Services */ = {
			isa = PBXGroup;
			children = (
				02CB19C7268975150042B1E0 /* BaseService.swift */,
				02CB19C526896F3A0042B1E0 /* ItunesService.swift */,
				02CB19CC2689A6E40042B1E0 /* AudioPlayer.swift */,
			);
			path = Services;
			sourceTree = "<group>";
		};
		02CB19C926897B6B0042B1E0 /* Models */ = {
			isa = PBXGroup;
			children = (
				02CB19CA26897B8D0042B1E0 /* Music.swift */,
			);
			path = Models;
			sourceTree = "<group>";
		};
		02CB19D1268AC90D0042B1E0 /* View Models */ = {
			isa = PBXGroup;
			children = (
				023D3D1F26981D5400B965F1 /* BaseViewModel.swift */,
				02CB19D2268AC9370042B1E0 /* MusicViewModel.swift */,
				02DB903C269581E7007BDBA2 /* TrackListViewModel.swift */,
				02DB9039269444B4007BDBA2 /* TrackListCellViewModel.swift */,
			);
			path = "View Models";
			sourceTree = "<group>";
		};
		02CB19D4268ACE450042B1E0 /* Utililies */ = {
			isa = PBXGroup;
			children = (
				02CB19D5268ACE780042B1E0 /* Box.swift */,
			);
			path = Utililies;
			sourceTree = "<group>";
		};
		02DB903B26946285007BDBA2 /* View */ = {
			isa = PBXGroup;
			children = (
				02DB9037269438C0007BDBA2 /* TrackTableViewCell.swift */,
			);
			path = View;
			sourceTree = "<group>";
		};
		583D5B35C20527560AB4211A /* Frameworks */ = {
			isa = PBXGroup;
			children = (
				02CB19CF2689AA580042B1E0 /* AudioToolbox.framework */,
			);
			name = Frameworks;
			sourceTree = "<group>";
		};
/* End PBXGroup section */

/* Begin PBXNativeTarget section */
		02CB19AC26896E6F0042B1E0 /* iTunesSearchAPI */ = {
			isa = PBXNativeTarget;
			buildConfigurationList = 02CB19C126896E720042B1E0 /* Build configuration list for PBXNativeTarget "iTunesSearchAPI" */;
			buildPhases = (
				02CB19A926896E6F0042B1E0 /* Sources */,
				02CB19AA26896E6F0042B1E0 /* Frameworks */,
				02CB19AB26896E6F0042B1E0 /* Resources */,
			);
			buildRules = (
			);
			dependencies = (
			);
			name = iTunesSearchAPI;
			productName = iTunesSearchAPI;
			productReference = 02CB19AD26896E6F0042B1E0 /* iTunesSearchAPI.app */;
			productType = "com.apple.product-type.application";
		};
/* End PBXNativeTarget section */

/* Begin PBXProject section */
		02CB19A526896E6F0042B1E0 /* Project object */ = {
			isa = PBXProject;
			attributes = {
				LastSwiftUpdateCheck = 1250;
				LastUpgradeCheck = 1250;
				TargetAttributes = {
					02CB19AC26896E6F0042B1E0 = {
						CreatedOnToolsVersion = 12.5.1;
					};
				};
			};
			buildConfigurationList = 02CB19A826896E6F0042B1E0 /* Build configuration list for PBXProject "iTunesSearchAPI" */;
			compatibilityVersion = "Xcode 9.3";
			developmentRegion = en;
			hasScannedForEncodings = 0;
			knownRegions = (
				en,
				Base,
			);
			mainGroup = 02CB19A426896E6F0042B1E0;
			productRefGroup = 02CB19AE26896E6F0042B1E0 /* Products */;
			projectDirPath = "";
			projectRoot = "";
			targets = (
				02CB19AC26896E6F0042B1E0 /* iTunesSearchAPI */,
			);
		};
/* End PBXProject section */

/* Begin PBXResourcesBuildPhase section */
		02CB19AB26896E6F0042B1E0 /* Resources */ = {
			isa = PBXResourcesBuildPhase;
			buildActionMask = 2147483647;
			files = (
				02CB19BD26896E720042B1E0 /* LaunchScreen.storyboard in Resources */,
				02CB19BA26896E710042B1E0 /* Assets.xcassets in Resources */,
				02CB19B826896E6F0042B1E0 /* Main.storyboard in Resources */,
			);
			runOnlyForDeploymentPostprocessing = 0;
		};
/* End PBXResourcesBuildPhase section */

/* Begin PBXSourcesBuildPhase section */
		02CB19A926896E6F0042B1E0 /* Sources */ = {
			isa = PBXSourcesBuildPhase;
			buildActionMask = 2147483647;
			files = (
				02CB19B526896E6F0042B1E0 /* ViewController.swift in Sources */,
				02CB19B126896E6F0042B1E0 /* AppDelegate.swift in Sources */,
				02CB19D3268AC9370042B1E0 /* MusicViewModel.swift in Sources */,
				02DB9038269438C0007BDBA2 /* TrackTableViewCell.swift in Sources */,
				02DB903A269444B4007BDBA2 /* TrackListCellViewModel.swift in Sources */,
				023D3D2026981D5400B965F1 /* BaseViewModel.swift in Sources */,
				02CB19C8268975150042B1E0 /* BaseService.swift in Sources */,
				02CB19C626896F3A0042B1E0 /* ItunesService.swift in Sources */,
				02CB19D6268ACE780042B1E0 /* Box.swift in Sources */,
				02DB903D269581E7007BDBA2 /* TrackListViewModel.swift in Sources */,
				02CB19CB26897B8D0042B1E0 /* Music.swift in Sources */,
				02CB19CD2689A6E40042B1E0 /* AudioPlayer.swift in Sources */,
			);
			runOnlyForDeploymentPostprocessing = 0;
		};
/* End PBXSourcesBuildPhase section */

/* Begin PBXVariantGroup section */
		02CB19B626896E6F0042B1E0 /* Main.storyboard */ = {
			isa = PBXVariantGroup;
			children = (
				02CB19B726896E6F0042B1E0 /* Base */,
			);
			name = Main.storyboard;
			sourceTree = "<group>";
		};
		02CB19BB26896E710042B1E0 /* LaunchScreen.storyboard */ = {
			isa = PBXVariantGroup;
			children = (
				02CB19BC26896E720042B1E0 /* Base */,
			);
			name = LaunchScreen.storyboard;
			sourceTree = "<group>";
		};
/* End PBXVariantGroup section */

/* Begin XCBuildConfiguration section */
		02CB19BF26896E720042B1E0 /* Debug */ = {
			isa = XCBuildConfiguration;
			buildSettings = {
				ALWAYS_SEARCH_USER_PATHS = NO;
				CLANG_ANALYZER_NONNULL = YES;
				CLANG_ANALYZER_NUMBER_OBJECT_CONVERSION = YES_AGGRESSIVE;
				CLANG_CXX_LANGUAGE_STANDARD = "gnu++14";
				CLANG_CXX_LIBRARY = "libc++";
				CLANG_ENABLE_MODULES = YES;
				CLANG_ENABLE_OBJC_ARC = YES;
				CLANG_ENABLE_OBJC_WEAK = YES;
				CLANG_WARN_BLOCK_CAPTURE_AUTORELEASING = YES;
				CLANG_WARN_BOOL_CONVERSION = YES;
				CLANG_WARN_COMMA = YES;
				CLANG_WARN_CONSTANT_CONVERSION = YES;
				CLANG_WARN_DEPRECATED_OBJC_IMPLEMENTATIONS = YES;
				CLANG_WARN_DIRECT_OBJC_ISA_USAGE = YES_ERROR;
				CLANG_WARN_DOCUMENTATION_COMMENTS = YES;
				CLANG_WARN_EMPTY_BODY = YES;
				CLANG_WARN_ENUM_CONVERSION = YES;
				CLANG_WARN_INFINITE_RECURSION = YES;
				CLANG_WARN_INT_CONVERSION = YES;
				CLANG_WARN_NON_LITERAL_NULL_CONVERSION = YES;
				CLANG_WARN_OBJC_IMPLICIT_RETAIN_SELF = YES;
				CLANG_WARN_OBJC_LITERAL_CONVERSION = YES;
				CLANG_WARN_OBJC_ROOT_CLASS = YES_ERROR;
				CLANG_WARN_QUOTED_INCLUDE_IN_FRAMEWORK_HEADER = YES;
				CLANG_WARN_RANGE_LOOP_ANALYSIS = YES;
				CLANG_WARN_STRICT_PROTOTYPES = YES;
				CLANG_WARN_SUSPICIOUS_MOVE = YES;
				CLANG_WARN_UNGUARDED_AVAILABILITY = YES_AGGRESSIVE;
				CLANG_WARN_UNREACHABLE_CODE = YES;
				CLANG_WARN__DUPLICATE_METHOD_MATCH = YES;
				COPY_PHASE_STRIP = NO;
				DEBUG_INFORMATION_FORMAT = dwarf;
				ENABLE_STRICT_OBJC_MSGSEND = YES;
				ENABLE_TESTABILITY = YES;
				GCC_C_LANGUAGE_STANDARD = gnu11;
				GCC_DYNAMIC_NO_PIC = NO;
				GCC_NO_COMMON_BLOCKS = YES;
				GCC_OPTIMIZATION_LEVEL = 0;
				GCC_PREPROCESSOR_DEFINITIONS = (
					"DEBUG=1",
					"$(inherited)",
				);
				GCC_WARN_64_TO_32_BIT_CONVERSION = YES;
				GCC_WARN_ABOUT_RETURN_TYPE = YES_ERROR;
				GCC_WARN_UNDECLARED_SELECTOR = YES;
				GCC_WARN_UNINITIALIZED_AUTOS = YES_AGGRESSIVE;
				GCC_WARN_UNUSED_FUNCTION = YES;
				GCC_WARN_UNUSED_VARIABLE = YES;
				IPHONEOS_DEPLOYMENT_TARGET = 9.0;
				MTL_ENABLE_DEBUG_INFO = INCLUDE_SOURCE;
				MTL_FAST_MATH = YES;
				ONLY_ACTIVE_ARCH = YES;
				SDKROOT = iphoneos;
				SWIFT_ACTIVE_COMPILATION_CONDITIONS = DEBUG;
				SWIFT_OPTIMIZATION_LEVEL = "-Onone";
			};
			name = Debug;
		};
		02CB19C026896E720042B1E0 /* Release */ = {
			isa = XCBuildConfiguration;
			buildSettings = {
				ALWAYS_SEARCH_USER_PATHS = NO;
				CLANG_ANALYZER_NONNULL = YES;
				CLANG_ANALYZER_NUMBER_OBJECT_CONVERSION = YES_AGGRESSIVE;
				CLANG_CXX_LANGUAGE_STANDARD = "gnu++14";
				CLANG_CXX_LIBRARY = "libc++";
				CLANG_ENABLE_MODULES = YES;
				CLANG_ENABLE_OBJC_ARC = YES;
				CLANG_ENABLE_OBJC_WEAK = YES;
				CLANG_WARN_BLOCK_CAPTURE_AUTORELEASING = YES;
				CLANG_WARN_BOOL_CONVERSION = YES;
				CLANG_WARN_COMMA = YES;
				CLANG_WARN_CONSTANT_CONVERSION = YES;
				CLANG_WARN_DEPRECATED_OBJC_IMPLEMENTATIONS = YES;
				CLANG_WARN_DIRECT_OBJC_ISA_USAGE = YES_ERROR;
				CLANG_WARN_DOCUMENTATION_COMMENTS = YES;
				CLANG_WARN_EMPTY_BODY = YES;
				CLANG_WARN_ENUM_CONVERSION = YES;
				CLANG_WARN_INFINITE_RECURSION = YES;
				CLANG_WARN_INT_CONVERSION = YES;
				CLANG_WARN_NON_LITERAL_NULL_CONVERSION = YES;
				CLANG_WARN_OBJC_IMPLICIT_RETAIN_SELF = YES;
				CLANG_WARN_OBJC_LITERAL_CONVERSION = YES;
				CLANG_WARN_OBJC_ROOT_CLASS = YES_ERROR;
				CLANG_WARN_QUOTED_INCLUDE_IN_FRAMEWORK_HEADER = YES;
				CLANG_WARN_RANGE_LOOP_ANALYSIS = YES;
				CLANG_WARN_STRICT_PROTOTYPES = YES;
				CLANG_WARN_SUSPICIOUS_MOVE = YES;
				CLANG_WARN_UNGUARDED_AVAILABILITY = YES_AGGRESSIVE;
				CLANG_WARN_UNREACHABLE_CODE = YES;
				CLANG_WARN__DUPLICATE_METHOD_MATCH = YES;
				COPY_PHASE_STRIP = NO;
				DEBUG_INFORMATION_FORMAT = "dwarf-with-dsym";
				ENABLE_NS_ASSERTIONS = NO;
				ENABLE_STRICT_OBJC_MSGSEND = YES;
				GCC_C_LANGUAGE_STANDARD = gnu11;
				GCC_NO_COMMON_BLOCKS = YES;
				GCC_WARN_64_TO_32_BIT_CONVERSION = YES;
				GCC_WARN_ABOUT_RETURN_TYPE = YES_ERROR;
				GCC_WARN_UNDECLARED_SELECTOR = YES;
				GCC_WARN_UNINITIALIZED_AUTOS = YES_AGGRESSIVE;
				GCC_WARN_UNUSED_FUNCTION = YES;
				GCC_WARN_UNUSED_VARIABLE = YES;
				IPHONEOS_DEPLOYMENT_TARGET = 9.0;
				MTL_ENABLE_DEBUG_INFO = NO;
				MTL_FAST_MATH = YES;
				SDKROOT = iphoneos;
				SWIFT_COMPILATION_MODE = wholemodule;
				SWIFT_OPTIMIZATION_LEVEL = "-O";
				VALIDATE_PRODUCT = YES;
			};
			name = Release;
		};
		02CB19C226896E720042B1E0 /* Debug */ = {
			isa = XCBuildConfiguration;
			buildSettings = {
				ASSETCATALOG_COMPILER_APPICON_NAME = AppIcon;
				ASSETCATALOG_COMPILER_GLOBAL_ACCENT_COLOR_NAME = AccentColor;
				CODE_SIGN_ENTITLEMENTS = iTunesSearchAPI/iTunesSearchAPIDebug.entitlements;
				CODE_SIGN_STYLE = Automatic;
				DEVELOPMENT_TEAM = CKB979D52M;
				INFOPLIST_FILE = iTunesSearchAPI/Info.plist;
				IPHONEOS_DEPLOYMENT_TARGET = 9.0;
				LD_RUNPATH_SEARCH_PATHS = (
					"$(inherited)",
					"@executable_path/Frameworks",
				);
				PRODUCT_BUNDLE_IDENTIFIER = com.chunyikuo.iTunesSearchAPI;
				PRODUCT_NAME = "$(TARGET_NAME)";
				SWIFT_VERSION = 5.0;
				TARGETED_DEVICE_FAMILY = "1,2";
			};
			name = Debug;
		};
		02CB19C326896E720042B1E0 /* Release */ = {
			isa = XCBuildConfiguration;
			buildSettings = {
				ASSETCATALOG_COMPILER_APPICON_NAME = AppIcon;
				ASSETCATALOG_COMPILER_GLOBAL_ACCENT_COLOR_NAME = AccentColor;
				CODE_SIGN_STYLE = Automatic;
				DEVELOPMENT_TEAM = CKB979D52M;
				INFOPLIST_FILE = iTunesSearchAPI/Info.plist;
				IPHONEOS_DEPLOYMENT_TARGET = 9.0;
				LD_RUNPATH_SEARCH_PATHS = (
					"$(inherited)",
					"@executable_path/Frameworks",
				);
				PRODUCT_BUNDLE_IDENTIFIER = com.chunyikuo.iTunesSearchAPI;
				PRODUCT_NAME = "$(TARGET_NAME)";
				SWIFT_VERSION = 5.0;
				TARGETED_DEVICE_FAMILY = "1,2";
			};
			name = Release;
		};
/* End XCBuildConfiguration section */

/* Begin XCConfigurationList section */
		02CB19A826896E6F0042B1E0 /* Build configuration list for PBXProject "iTunesSearchAPI" */ = {
			isa = XCConfigurationList;
			buildConfigurations = (
				02CB19BF26896E720042B1E0 /* Debug */,
				02CB19C026896E720042B1E0 /* Release */,
			);
			defaultConfigurationIsVisible = 0;
			defaultConfigurationName = Release;
		};
		02CB19C126896E720042B1E0 /* Build configuration list for PBXNativeTarget "iTunesSearchAPI" */ = {
			isa = XCConfigurationList;
			buildConfigurations = (
				02CB19C226896E720042B1E0 /* Debug */,
				02CB19C326896E720042B1E0 /* Release */,
			);
			defaultConfigurationIsVisible = 0;
			defaultConfigurationName = Release;
		};
/* End XCConfigurationList section */
	};
	rootObject = 02CB19A526896E6F0042B1E0 /* Project object */;
}
